
Microsoft Visual Studio Solution File, Format Version 11.00
# Visual Studio 2010
Project("{FAE04EC0-301F-11D3-BF4B-00C04F79EFBC}") = "MicroORM", "src\MicroORM.csproj", "{07AEB3C0-272C-4600-A215-BC402436A06E}"
EndProject
Project("{FAE04EC0-301F-11D3-BF4B-00C04F79EFBC}") = "MicroORM.Tests", "tests\MicroORM.Tests\MicroORM.Tests.csproj", "{208D3F7E-C6D1-49B8-BEBF-F1055CA0BE3B}"
EndProject
Global
	GlobalSection(SolutionConfigurationPlatforms) = preSolution
		Debug|Any CPU = Debug|Any CPU
		Release|Any CPU = Release|Any CPU
	EndGlobalSection
	GlobalSection(ProjectConfigurationPlatforms) = postSolution
		{07AEB3C0-272C-4600-A215-BC402436A06E}.Debug|Any CPU.ActiveCfg = Debug|Any CPU
		{07AEB3C0-272C-4600-A215-BC402436A06E}.Debug|Any CPU.Build.0 = Debug|Any CPU
		{07AEB3C0-272C-4600-A215-BC402436A06E}.Release|Any CPU.ActiveCfg = Release|Any CPU
		{07AEB3C0-272C-4600-A215-BC402436A06E}.Release|Any CPU.Build.0 = Release|Any CPU
		{208D3F7E-C6D1-49B8-BEBF-F1055CA0BE3B}.Debug|Any CPU.ActiveCfg = Debug|Any CPU
		{208D3F7E-C6D1-49B8-BEBF-F1055CA0BE3B}.Debug|Any CPU.Build.0 = Debug|Any CPU
		{208D3F7E-C6D1-49B8-BEBF-F1055CA0BE3B}.Release|Any CPU.ActiveCfg = Release|Any CPU
		{208D3F7E-C6D1-49B8-BEBF-F1055CA0BE3B}.Release|Any CPU.Build.0 = Release|Any CPU
	EndGlobalSection
	GlobalSection(SolutionProperties) = preSolution
		HideSolutionNode = FALSE
	EndGlobalSection
EndGlobal
